
Microsoft Visual Studio Solution File, Format Version 12.00
Project("{2150E333-8FDC-42A3-9474-1A3956D46DE8}") = "src", "src", "{E9BB1D97-41C2-4185-9A85-5E749DE19834}"
EndProject
Project("{FAE04EC0-301F-11D3-BF4B-00C04F79EFBC}") = "Centurion.TaskManager", "src\services\task-manager\Centurion.TaskManager.csproj", "{B86B48F5-D2E5-473F-89F2-100E8F81FEE9}"
EndProject
Project("{2150E333-8FDC-42A3-9474-1A3956D46DE8}") = "monitor", "monitor", "{B15213E8-5A93-4A1C-A189-8867C3A60706}"
EndProject
Project("{FAE04EC0-301F-11D3-BF4B-00C04F79EFBC}") = "monitor-service", "src\services\monitor\Centurion.Monitor\Centurion.Monitor.csproj", "{E4C0E813-B55D-4D92-96B2-BADC7E67AB42}"
EndProject
Project("{FAE04EC0-301F-11D3-BF4B-00C04F79EFBC}") = "Centurion.Monitor.Domain", "src\services\monitor\Centurion.Monitor.Domain\Centurion.Monitor.Domain.csproj", "{225AC57E-A36E-4421-BA8D-62169E972D52}"
EndProject
Project("{FAE04EC0-301F-11D3-BF4B-00C04F79EFBC}") = "Centurion.Monitor.App", "src\services\monitor\Centurion.Monitor.App\Centurion.Monitor.App.csproj", "{234DC387-80D3-4692-B762-3D5C1FED1A44}"
EndProject
Project("{2150E333-8FDC-42A3-9474-1A3956D46DE8}") = "accounts", "accounts", "{2B859069-E139-4799-BE6A-A105C06BE26B}"
EndProject
Project("{2150E333-8FDC-42A3-9474-1A3956D46DE8}") = "ui", "ui", "{B16FB7D1-8539-4F8C-A557-3F4EBF73C5C3}"
EndProject
Project("{FAE04EC0-301F-11D3-BF4B-00C04F79EFBC}") = "Centurion.Accounts", "src\services\accounts\Centurion.Accounts\Centurion.Accounts.csproj", "{C207163C-6474-427B-9ECB-A5C1CD5B73AB}"
EndProject
Project("{FAE04EC0-301F-11D3-BF4B-00C04F79EFBC}") = "Centurion.Accounts.DashboardSpa", "src\services\accounts\Centurion.Accounts.DashboardSpa\Centurion.Accounts.DashboardSpa.csproj", "{A64A487B-A9AB-49CD-83E8-D08D0F85517D}"
EndProject
Project("{FAE04EC0-301F-11D3-BF4B-00C04F79EFBC}") = "Centurion.Accounts.Infra", "src\services\accounts\Centurion.Accounts.Infra\Centurion.Accounts.Infra.csproj", "{5C068472-6DF8-484F-80B0-48805DD2731F}"
EndProject
Project("{FAE04EC0-301F-11D3-BF4B-00C04F79EFBC}") = "Centurion.Accounts.Core", "src\services\accounts\Centurion.Accounts.Core\Centurion.Accounts.Core.csproj", "{4216D81F-7022-4CE4-B0E7-C7A36B9FC93E}"
EndProject
Project("{FAE04EC0-301F-11D3-BF4B-00C04F79EFBC}") = "Centurion.Accounts.App", "src\services\accounts\Centurion.Accounts.App\Centurion.Accounts.App.csproj", "{70612461-3823-4CEA-BB7D-8A287BC0CCF5}"
EndProject
Project("{FAE04EC0-301F-11D3-BF4B-00C04F79EFBC}") = "Centurion.Cli.Util.MacOsLauncher", "src\ui\Centurion.Cli.Util.MacOsLauncher\Centurion.Cli.Util.MacOsLauncher.csproj", "{010428C0-DE8E-4006-BE1F-E4FD15560919}"
EndProject
Project("{FAE04EC0-301F-11D3-BF4B-00C04F79EFBC}") = "Centurion.Cli.Util.WindowsNotifications", "src\ui\Centurion.Cli.Util.WindowsNotifications\Centurion.Cli.Util.WindowsNotifications.csproj", "{CE65D43E-EC09-4BAB-9CFF-DFE89AF9D32B}"
EndProject
Project("{FAE04EC0-301F-11D3-BF4B-00C04F79EFBC}") = "Centurion.Cli", "src\ui\Centurion.Cli\Centurion.Cli.csproj", "{E15E455F-A84A-4E6F-9A6C-080AF2C8AD1F}"
EndProject
Project("{2150E333-8FDC-42A3-9474-1A3956D46DE8}") = "playground", "playground", "{3F4F0ED7-0909-4EBE-8862-1D1795A8EB9F}"
EndProject
Project("{FAE04EC0-301F-11D3-BF4B-00C04F79EFBC}") = "MonitoringFakeShop", "src\services\playground\MonitoringFakeShop\MonitoringFakeShop.csproj", "{B1278C41-D33C-4AAD-9E9A-8CAEB0AF017F}"
EndProject
Project("{FAE04EC0-301F-11D3-BF4B-00C04F79EFBC}") = "Centurion.WebhookSender", "src\services\webhooks\Centurion.WebhookSender.csproj", "{5775DD4E-B9E0-4179-90BE-969A4098FA6B}"
EndProject
Project("{FAE04EC0-301F-11D3-BF4B-00C04F79EFBC}") = "Centurion.UI.Core", "src\ui\Centurion.UI.Core\Centurion.UI.Core.csproj", "{B1186585-61D2-4146-A92A-03B066FE096D}"
EndProject
Project("{FAE04EC0-301F-11D3-BF4B-00C04F79EFBC}") = "Centurion.UI.Themes.Nobleman", "src\ui\Centurion.UI.Themes.Nobleman\Centurion.UI.Themes.Nobleman.csproj", "{07C90AC4-22D8-4B0A-A427-2570D90EF4B9}"
EndProject
Project("{2150E333-8FDC-42A3-9474-1A3956D46DE8}") = "services", "services", "{12A3EC17-784D-4E46-8B2A-9A255DBC7E47}"
EndProject
Project("{2150E333-8FDC-42A3-9474-1A3956D46DE8}") = "cloud-manager", "cloud-manager", "{9B4A36A5-6670-432A-A7C4-0D9DA7832CBF}"
EndProject
Project("{FAE04EC0-301F-11D3-BF4B-00C04F79EFBC}") = "Centurion.CloudManager", "src\services\cloud-manager\Centurion.CloudManager\Centurion.CloudManager.csproj", "{51717CE9-9701-47C4-A833-98E8E7C5E482}"
EndProject
Project("{FAE04EC0-301F-11D3-BF4B-00C04F79EFBC}") = "Centurion.CloudManager.Dashboard", "src\services\cloud-manager\Centurion.CloudManager.Dashboard\Centurion.CloudManager.Dashboard.csproj", "{DC40E6A9-484B-4883-A5CB-A011D0406C7B}"
EndProject
Project("{FAE04EC0-301F-11D3-BF4B-00C04F79EFBC}") = "Centurion.SeedWork", "src\seed-work\Centurion.SeedWork\Centurion.SeedWork.csproj", "{B4E29A66-E4B3-478C-9DAA-706D73F011F5}"
EndProject
Project("{2150E333-8FDC-42A3-9474-1A3956D46DE8}") = "seed-work", "seed-work", "{996D4A93-B4CD-4A2A-AA25-C39016CA38D6}"
EndProject
Project("{FAE04EC0-301F-11D3-BF4B-00C04F79EFBC}") = "Centurion.SeedWork.Web", "src\seed-work\Centurion.SeedWork.Web\Centurion.SeedWork.Web.csproj", "{3E798843-8E6F-4893-923C-8D77DD9D45CF}"
EndProject
Project("{FAE04EC0-301F-11D3-BF4B-00C04F79EFBC}") = "Centurion.SeedWork.Infra.EfCoreNpgsql", "src\seed-work\Centurion.SeedWork.Infra.EfCoreNpgsql\Centurion.SeedWork.Infra.EfCoreNpgsql.csproj", "{E6EDDA2C-5F2A-4DC2-B24E-C328812730A4}"
EndProject

Global
	GlobalSection(SolutionConfigurationPlatforms) = preSolution
		Debug|Any CPU = Debug|Any CPU
		Release|Any CPU = Release|Any CPU
	EndGlobalSection
	GlobalSection(NestedProjects) = preSolution
		{E4C0E813-B55D-4D92-96B2-BADC7E67AB42} = {B15213E8-5A93-4A1C-A189-8867C3A60706}
		{225AC57E-A36E-4421-BA8D-62169E972D52} = {B15213E8-5A93-4A1C-A189-8867C3A60706}
		{234DC387-80D3-4692-B762-3D5C1FED1A44} = {B15213E8-5A93-4A1C-A189-8867C3A60706}
		{B16FB7D1-8539-4F8C-A557-3F4EBF73C5C3} = {E9BB1D97-41C2-4185-9A85-5E749DE19834}
		{C207163C-6474-427B-9ECB-A5C1CD5B73AB} = {2B859069-E139-4799-BE6A-A105C06BE26B}
		{A64A487B-A9AB-49CD-83E8-D08D0F85517D} = {2B859069-E139-4799-BE6A-A105C06BE26B}
		{5C068472-6DF8-484F-80B0-48805DD2731F} = {2B859069-E139-4799-BE6A-A105C06BE26B}
		{4216D81F-7022-4CE4-B0E7-C7A36B9FC93E} = {2B859069-E139-4799-BE6A-A105C06BE26B}
		{70612461-3823-4CEA-BB7D-8A287BC0CCF5} = {2B859069-E139-4799-BE6A-A105C06BE26B}
		{010428C0-DE8E-4006-BE1F-E4FD15560919} = {B16FB7D1-8539-4F8C-A557-3F4EBF73C5C3}
		{CE65D43E-EC09-4BAB-9CFF-DFE89AF9D32B} = {B16FB7D1-8539-4F8C-A557-3F4EBF73C5C3}
		{E15E455F-A84A-4E6F-9A6C-080AF2C8AD1F} = {B16FB7D1-8539-4F8C-A557-3F4EBF73C5C3}
		{B1278C41-D33C-4AAD-9E9A-8CAEB0AF017F} = {3F4F0ED7-0909-4EBE-8862-1D1795A8EB9F}
		{B1186585-61D2-4146-A92A-03B066FE096D} = {B16FB7D1-8539-4F8C-A557-3F4EBF73C5C3}
		{07C90AC4-22D8-4B0A-A427-2570D90EF4B9} = {B16FB7D1-8539-4F8C-A557-3F4EBF73C5C3}
		{12A3EC17-784D-4E46-8B2A-9A255DBC7E47} = {E9BB1D97-41C2-4185-9A85-5E749DE19834}
		{B86B48F5-D2E5-473F-89F2-100E8F81FEE9} = {12A3EC17-784D-4E46-8B2A-9A255DBC7E47}
		{5775DD4E-B9E0-4179-90BE-969A4098FA6B} = {12A3EC17-784D-4E46-8B2A-9A255DBC7E47}
		{2B859069-E139-4799-BE6A-A105C06BE26B} = {12A3EC17-784D-4E46-8B2A-9A255DBC7E47}
		{B15213E8-5A93-4A1C-A189-8867C3A60706} = {12A3EC17-784D-4E46-8B2A-9A255DBC7E47}
		{3F4F0ED7-0909-4EBE-8862-1D1795A8EB9F} = {12A3EC17-784D-4E46-8B2A-9A255DBC7E47}
		{9B4A36A5-6670-432A-A7C4-0D9DA7832CBF} = {12A3EC17-784D-4E46-8B2A-9A255DBC7E47}
		{51717CE9-9701-47C4-A833-98E8E7C5E482} = {9B4A36A5-6670-432A-A7C4-0D9DA7832CBF}
		{DC40E6A9-484B-4883-A5CB-A011D0406C7B} = {9B4A36A5-6670-432A-A7C4-0D9DA7832CBF}
		{996D4A93-B4CD-4A2A-AA25-C39016CA38D6} = {E9BB1D97-41C2-4185-9A85-5E749DE19834}
		{B4E29A66-E4B3-478C-9DAA-706D73F011F5} = {996D4A93-B4CD-4A2A-AA25-C39016CA38D6}
		{3E798843-8E6F-4893-923C-8D77DD9D45CF} = {996D4A93-B4CD-4A2A-AA25-C39016CA38D6}
		{E6EDDA2C-5F2A-4DC2-B24E-C328812730A4} = {996D4A93-B4CD-4A2A-AA25-C39016CA38D6}
	EndGlobalSection
	GlobalSection(ProjectConfigurationPlatforms) = postSolution
		{B86B48F5-D2E5-473F-89F2-100E8F81FEE9}.Debug|Any CPU.ActiveCfg = Debug|Any CPU
		{B86B48F5-D2E5-473F-89F2-100E8F81FEE9}.Debug|Any CPU.Build.0 = Debug|Any CPU
		{B86B48F5-D2E5-473F-89F2-100E8F81FEE9}.Release|Any CPU.ActiveCfg = Release|Any CPU
		{B86B48F5-D2E5-473F-89F2-100E8F81FEE9}.Release|Any CPU.Build.0 = Release|Any CPU
		{E4C0E813-B55D-4D92-96B2-BADC7E67AB42}.Debug|Any CPU.ActiveCfg = Debug|Any CPU
		{E4C0E813-B55D-4D92-96B2-BADC7E67AB42}.Debug|Any CPU.Build.0 = Debug|Any CPU
		{E4C0E813-B55D-4D92-96B2-BADC7E67AB42}.Release|Any CPU.ActiveCfg = Release|Any CPU
		{E4C0E813-B55D-4D92-96B2-BADC7E67AB42}.Release|Any CPU.Build.0 = Release|Any CPU
		{225AC57E-A36E-4421-BA8D-62169E972D52}.Debug|Any CPU.ActiveCfg = Debug|Any CPU
		{225AC57E-A36E-4421-BA8D-62169E972D52}.Debug|Any CPU.Build.0 = Debug|Any CPU
		{225AC57E-A36E-4421-BA8D-62169E972D52}.Release|Any CPU.ActiveCfg = Release|Any CPU
		{225AC57E-A36E-4421-BA8D-62169E972D52}.Release|Any CPU.Build.0 = Release|Any CPU
		{234DC387-80D3-4692-B762-3D5C1FED1A44}.Debug|Any CPU.ActiveCfg = Debug|Any CPU
		{234DC387-80D3-4692-B762-3D5C1FED1A44}.Debug|Any CPU.Build.0 = Debug|Any CPU
		{234DC387-80D3-4692-B762-3D5C1FED1A44}.Release|Any CPU.ActiveCfg = Release|Any CPU
		{234DC387-80D3-4692-B762-3D5C1FED1A44}.Release|Any CPU.Build.0 = Release|Any CPU
		{C207163C-6474-427B-9ECB-A5C1CD5B73AB}.Debug|Any CPU.ActiveCfg = Debug|Any CPU
		{C207163C-6474-427B-9ECB-A5C1CD5B73AB}.Debug|Any CPU.Build.0 = Debug|Any CPU
		{C207163C-6474-427B-9ECB-A5C1CD5B73AB}.Release|Any CPU.ActiveCfg = Release|Any CPU
		{C207163C-6474-427B-9ECB-A5C1CD5B73AB}.Release|Any CPU.Build.0 = Release|Any CPU
		{A64A487B-A9AB-49CD-83E8-D08D0F85517D}.Debug|Any CPU.ActiveCfg = Debug|Any CPU
		{A64A487B-A9AB-49CD-83E8-D08D0F85517D}.Debug|Any CPU.Build.0 = Debug|Any CPU
		{A64A487B-A9AB-49CD-83E8-D08D0F85517D}.Release|Any CPU.ActiveCfg = Release|Any CPU
		{A64A487B-A9AB-49CD-83E8-D08D0F85517D}.Release|Any CPU.Build.0 = Release|Any CPU
		{5C068472-6DF8-484F-80B0-48805DD2731F}.Debug|Any CPU.ActiveCfg = Debug|Any CPU
		{5C068472-6DF8-484F-80B0-48805DD2731F}.Debug|Any CPU.Build.0 = Debug|Any CPU
		{5C068472-6DF8-484F-80B0-48805DD2731F}.Release|Any CPU.ActiveCfg = Release|Any CPU
		{5C068472-6DF8-484F-80B0-48805DD2731F}.Release|Any CPU.Build.0 = Release|Any CPU
		{4216D81F-7022-4CE4-B0E7-C7A36B9FC93E}.Debug|Any CPU.ActiveCfg = Debug|Any CPU
		{4216D81F-7022-4CE4-B0E7-C7A36B9FC93E}.Debug|Any CPU.Build.0 = Debug|Any CPU
		{4216D81F-7022-4CE4-B0E7-C7A36B9FC93E}.Release|Any CPU.ActiveCfg = Release|Any CPU
		{4216D81F-7022-4CE4-B0E7-C7A36B9FC93E}.Release|Any CPU.Build.0 = Release|Any CPU
		{70612461-3823-4CEA-BB7D-8A287BC0CCF5}.Debug|Any CPU.ActiveCfg = Debug|Any CPU
		{70612461-3823-4CEA-BB7D-8A287BC0CCF5}.Debug|Any CPU.Build.0 = Debug|Any CPU
		{70612461-3823-4CEA-BB7D-8A287BC0CCF5}.Release|Any CPU.ActiveCfg = Release|Any CPU
		{70612461-3823-4CEA-BB7D-8A287BC0CCF5}.Release|Any CPU.Build.0 = Release|Any CPU
		{010428C0-DE8E-4006-BE1F-E4FD15560919}.Debug|Any CPU.ActiveCfg = Debug|Any CPU
		{010428C0-DE8E-4006-BE1F-E4FD15560919}.Debug|Any CPU.Build.0 = Debug|Any CPU
		{010428C0-DE8E-4006-BE1F-E4FD15560919}.Release|Any CPU.ActiveCfg = Release|Any CPU
		{010428C0-DE8E-4006-BE1F-E4FD15560919}.Release|Any CPU.Build.0 = Release|Any CPU
		{CE65D43E-EC09-4BAB-9CFF-DFE89AF9D32B}.Debug|Any CPU.ActiveCfg = Debug|Any CPU
		{CE65D43E-EC09-4BAB-9CFF-DFE89AF9D32B}.Debug|Any CPU.Build.0 = Debug|Any CPU
		{CE65D43E-EC09-4BAB-9CFF-DFE89AF9D32B}.Release|Any CPU.ActiveCfg = Release|Any CPU
		{CE65D43E-EC09-4BAB-9CFF-DFE89AF9D32B}.Release|Any CPU.Build.0 = Release|Any CPU
		{E15E455F-A84A-4E6F-9A6C-080AF2C8AD1F}.Debug|Any CPU.ActiveCfg = Debug|Any CPU
		{E15E455F-A84A-4E6F-9A6C-080AF2C8AD1F}.Debug|Any CPU.Build.0 = Debug|Any CPU
		{E15E455F-A84A-4E6F-9A6C-080AF2C8AD1F}.Release|Any CPU.ActiveCfg = Release|Any CPU
		{E15E455F-A84A-4E6F-9A6C-080AF2C8AD1F}.Release|Any CPU.Build.0 = Release|Any CPU
		{B1278C41-D33C-4AAD-9E9A-8CAEB0AF017F}.Debug|Any CPU.ActiveCfg = Debug|Any CPU
		{B1278C41-D33C-4AAD-9E9A-8CAEB0AF017F}.Debug|Any CPU.Build.0 = Debug|Any CPU
		{B1278C41-D33C-4AAD-9E9A-8CAEB0AF017F}.Release|Any CPU.ActiveCfg = Release|Any CPU
		{B1278C41-D33C-4AAD-9E9A-8CAEB0AF017F}.Release|Any CPU.Build.0 = Release|Any CPU
		{5775DD4E-B9E0-4179-90BE-969A4098FA6B}.Debug|Any CPU.ActiveCfg = Debug|Any CPU
		{5775DD4E-B9E0-4179-90BE-969A4098FA6B}.Debug|Any CPU.Build.0 = Debug|Any CPU
		{5775DD4E-B9E0-4179-90BE-969A4098FA6B}.Release|Any CPU.ActiveCfg = Release|Any CPU
		{5775DD4E-B9E0-4179-90BE-969A4098FA6B}.Release|Any CPU.Build.0 = Release|Any CPU
		{B1186585-61D2-4146-A92A-03B066FE096D}.Debug|Any CPU.ActiveCfg = Debug|Any CPU
		{B1186585-61D2-4146-A92A-03B066FE096D}.Debug|Any CPU.Build.0 = Debug|Any CPU
		{B1186585-61D2-4146-A92A-03B066FE096D}.Release|Any CPU.ActiveCfg = Release|Any CPU
		{B1186585-61D2-4146-A92A-03B066FE096D}.Release|Any CPU.Build.0 = Release|Any CPU
		{07C90AC4-22D8-4B0A-A427-2570D90EF4B9}.Debug|Any CPU.ActiveCfg = Debug|Any CPU
		{07C90AC4-22D8-4B0A-A427-2570D90EF4B9}.Debug|Any CPU.Build.0 = Debug|Any CPU
		{07C90AC4-22D8-4B0A-A427-2570D90EF4B9}.Release|Any CPU.ActiveCfg = Release|Any CPU
		{07C90AC4-22D8-4B0A-A427-2570D90EF4B9}.Release|Any CPU.Build.0 = Release|Any CPU
		{51717CE9-9701-47C4-A833-98E8E7C5E482}.Debug|Any CPU.ActiveCfg = Debug|Any CPU
		{51717CE9-9701-47C4-A833-98E8E7C5E482}.Debug|Any CPU.Build.0 = Debug|Any CPU
		{51717CE9-9701-47C4-A833-98E8E7C5E482}.Release|Any CPU.ActiveCfg = Release|Any CPU
		{51717CE9-9701-47C4-A833-98E8E7C5E482}.Release|Any CPU.Build.0 = Release|Any CPU
		{DC40E6A9-484B-4883-A5CB-A011D0406C7B}.Debug|Any CPU.ActiveCfg = Debug|Any CPU
		{DC40E6A9-484B-4883-A5CB-A011D0406C7B}.Debug|Any CPU.Build.0 = Debug|Any CPU
		{DC40E6A9-484B-4883-A5CB-A011D0406C7B}.Release|Any CPU.ActiveCfg = Release|Any CPU
		{DC40E6A9-484B-4883-A5CB-A011D0406C7B}.Release|Any CPU.Build.0 = Release|Any CPU
		{B4E29A66-E4B3-478C-9DAA-706D73F011F5}.Debug|Any CPU.ActiveCfg = Debug|Any CPU
		{B4E29A66-E4B3-478C-9DAA-706D73F011F5}.Debug|Any CPU.Build.0 = Debug|Any CPU
		{B4E29A66-E4B3-478C-9DAA-706D73F011F5}.Release|Any CPU.ActiveCfg = Release|Any CPU
		{B4E29A66-E4B3-478C-9DAA-706D73F011F5}.Release|Any CPU.Build.0 = Release|Any CPU
		{3E798843-8E6F-4893-923C-8D77DD9D45CF}.Debug|Any CPU.ActiveCfg = Debug|Any CPU
		{3E798843-8E6F-4893-923C-8D77DD9D45CF}.Debug|Any CPU.Build.0 = Debug|Any CPU
		{3E798843-8E6F-4893-923C-8D77DD9D45CF}.Release|Any CPU.ActiveCfg = Release|Any CPU
		{3E798843-8E6F-4893-923C-8D77DD9D45CF}.Release|Any CPU.Build.0 = Release|Any CPU
		{E6EDDA2C-5F2A-4DC2-B24E-C328812730A4}.Debug|Any CPU.ActiveCfg = Debug|Any CPU
		{E6EDDA2C-5F2A-4DC2-B24E-C328812730A4}.Debug|Any CPU.Build.0 = Debug|Any CPU
		{E6EDDA2C-5F2A-4DC2-B24E-C328812730A4}.Release|Any CPU.ActiveCfg = Release|Any CPU
		{E6EDDA2C-5F2A-4DC2-B24E-C328812730A4}.Release|Any CPU.Build.0 = Release|Any CPU
	EndGlobalSection
EndGlobal
